
Microsoft Visual Studio Solution File, Format Version 12.00
# Visual Studio Version 16
VisualStudioVersion = 16.0.30011.22
MinimumVisualStudioVersion = 10.0.40219.1
Project("{FAE04EC0-301F-11D3-BF4B-00C04F79EFBC}") = "0824", "0824\0824.csproj", "{4C2C42B9-C2AD-4611-8BA0-A3E5656B639A}"
EndProject
Project("{9A19103F-16F7-4668-BE54-9A1E7A4F7556}") = "0825", "0825\0825.csproj", "{7EB428A1-015C-4FDA-9FB6-5C7ADF829EAA}"
EndProject
Project("{FAE04EC0-301F-11D3-BF4B-00C04F79EFBC}") = "08252", "08252\08252.csproj", "{A2A4C536-26BE-4151-B722-395835FE1BCC}"
EndProject
Project("{FAE04EC0-301F-11D3-BF4B-00C04F79EFBC}") = "08253", "08253\08253.csproj", "{1D7E48C9-577E-4E76-AA17-D878E4BB0175}"
EndProject
Project("{FAE04EC0-301F-11D3-BF4B-00C04F79EFBC}") = "08254", "08254\08254.csproj", "{BA8DE16E-5E8F-4869-9DF3-E9C1EDB5679A}"
EndProject
Global
	GlobalSection(SolutionConfigurationPlatforms) = preSolution
		Debug|Any CPU = Debug|Any CPU
		Release|Any CPU = Release|Any CPU
	EndGlobalSection
	GlobalSection(ProjectConfigurationPlatforms) = postSolution
		{4C2C42B9-C2AD-4611-8BA0-A3E5656B639A}.Debug|Any CPU.ActiveCfg = Debug|Any CPU
		{4C2C42B9-C2AD-4611-8BA0-A3E5656B639A}.Debug|Any CPU.Build.0 = Debug|Any CPU
		{4C2C42B9-C2AD-4611-8BA0-A3E5656B639A}.Release|Any CPU.ActiveCfg = Release|Any CPU
		{4C2C42B9-C2AD-4611-8BA0-A3E5656B639A}.Release|Any CPU.Build.0 = Release|Any CPU
		{7EB428A1-015C-4FDA-9FB6-5C7ADF829EAA}.Debug|Any CPU.ActiveCfg = Debug|Any CPU
		{7EB428A1-015C-4FDA-9FB6-5C7ADF829EAA}.Debug|Any CPU.Build.0 = Debug|Any CPU
		{7EB428A1-015C-4FDA-9FB6-5C7ADF829EAA}.Release|Any CPU.ActiveCfg = Release|Any CPU
		{7EB428A1-015C-4FDA-9FB6-5C7ADF829EAA}.Release|Any CPU.Build.0 = Release|Any CPU
		{A2A4C536-26BE-4151-B722-395835FE1BCC}.Debug|Any CPU.ActiveCfg = Debug|Any CPU
		{A2A4C536-26BE-4151-B722-395835FE1BCC}.Debug|Any CPU.Build.0 = Debug|Any CPU
		{A2A4C536-26BE-4151-B722-395835FE1BCC}.Release|Any CPU.ActiveCfg = Release|Any CPU
		{A2A4C536-26BE-4151-B722-395835FE1BCC}.Release|Any CPU.Build.0 = Release|Any CPU
		{1D7E48C9-577E-4E76-AA17-D878E4BB0175}.Debug|Any CPU.ActiveCfg = Debug|Any CPU
		{1D7E48C9-577E-4E76-AA17-D878E4BB0175}.Debug|Any CPU.Build.0 = Debug|Any CPU
		{1D7E48C9-577E-4E76-AA17-D878E4BB0175}.Release|Any CPU.ActiveCfg = Release|Any CPU
		{1D7E48C9-577E-4E76-AA17-D878E4BB0175}.Release|Any CPU.Build.0 = Release|Any CPU
		{BA8DE16E-5E8F-4869-9DF3-E9C1EDB5679A}.Debug|Any CPU.ActiveCfg = Debug|Any CPU
		{BA8DE16E-5E8F-4869-9DF3-E9C1EDB5679A}.Debug|Any CPU.Build.0 = Debug|Any CPU
		{BA8DE16E-5E8F-4869-9DF3-E9C1EDB5679A}.Release|Any CPU.ActiveCfg = Release|Any CPU
		{BA8DE16E-5E8F-4869-9DF3-E9C1EDB5679A}.Release|Any CPU.Build.0 = Release|Any CPU
	EndGlobalSection
	GlobalSection(SolutionProperties) = preSolution
		HideSolutionNode = FALSE
	EndGlobalSection
	GlobalSection(ExtensibilityGlobals) = postSolution
		SolutionGuid = {263948D2-15AD-4D2F-B2F9-8FD1B0AAC387}
	EndGlobalSection
EndGlobal
